# This file is autogenerated, do not edit; changes may be undone by the next 'dep ensure'.


[[projects]]
  name = "github.com/aws/aws-sdk-go"
  packages = ["aws","aws/awserr","aws/awsutil","aws/client","aws/client/metadata","aws/corehandlers","aws/credentials","aws/credentials/ec2rolecreds","aws/credentials/endpointcreds","aws/credentials/stscreds","aws/defaults","aws/ec2metadata","aws/endpoints","aws/request","aws/session","aws/signer/v4","internal/shareddefaults","private/protocol","private/protocol/ec2query","private/protocol/json/jsonutil","private/protocol/jsonrpc","private/protocol/query","private/protocol/query/queryutil","private/protocol/rest","private/protocol/restxml","private/protocol/xml/xmlutil","service/acm","service/cloudwatchlogs","service/ec2","service/iam","service/kms","service/s3","service/sns","service/sqs","service/sts"]
  revision = "ce8d7a13a9e7f883d91c39eb98d4f72021eb48e2"
  version = "v1.12.56"

[[projects]]
  name = "github.com/boombuler/barcode"
  packages = [".","qr","utils"]
  revision = "3cfea5ab600ae37946be2b763b8ec2c1cf2d272d"
  version = "v1.0.0"

[[projects]]
  name = "github.com/go-errors/errors"
  packages = ["."]
  revision = "3afebba5a48dbc89b574d890b6b34d9ee10b4785"
  version = "v1.0.0"

[[projects]]
  name = "github.com/go-ini/ini"
  packages = ["."]
  revision = "32e4c1e6bc4e7d0d8451aa6b75200d19e37a536a"
  version = "v1.32.0"

[[projects]]
  name = "github.com/google/uuid"
  packages = ["."]
  revision = "064e2069ce9c359c118179501254f67d7d37ba24"
  version = "0.2"

[[projects]]
  name = "github.com/gruntwork-io/gruntwork-cli"
  packages = ["errors","logging"]
  revision = "94044eeeb0a48b5e8dd52190fa0d0daba53e157f"
  version = "v0.1.2"

[[projects]]
  name = "github.com/gruntwork-io/terratest"
  packages = [".","aws","http","log","parallel","shell","terraform","util"]
  revision = "8b768cd5f5af5eabd86ed220e61852263cdd044d"
  version = "v0.7.2"

[[projects]]
  name = "github.com/jmespath/go-jmespath"
  packages = ["."]
  revision = "0b12d6b5"

[[projects]]
  name = "github.com/pquerna/otp"
  packages = [".","hotp","totp"]
  revision = "b7b89250c468c06871d3837bee02e2d5c155ae19"
  version = "v1.0.0"

[[projects]]
  name = "github.com/sirupsen/logrus"
  packages = ["."]
  revision = "d682213848ed68c0a260ca37d6dd5ace8423f5ba"
  version = "v1.0.4"

[[projects]]
  name = "github.com/urfave/cli"
  packages = ["."]
  revision = "cfb38830724cc34fedffe9a2a29fb54fa9169cd1"
  version = "v1.20.0"

[[projects]]
  branch = "master"
  name = "golang.org/x/crypto"
  packages = ["curve25519","ed25519","ed25519/internal/edwards25519","ssh","ssh/terminal"]
  revision = "0fcca4842a8d74bfddc2c96a073bd2a4d2a7a2e8"

[[projects]]
  branch = "master"
  name = "golang.org/x/sys"
  packages = ["unix","windows"]
  revision = "dd9ec17814d5b1de388ebe438ec013d57d8b3779"

[solve-meta]
  analyzer-name = "dep"
  analyzer-version = 1
  inputs-digest = "4479a754bc320058b627440870b74bd87b92aabc475ebb62892c75d21b387277"
  solver-name = "gps-cdcl"
  solver-version = 1
